
Microsoft Visual Studio Solution File, Format Version 12.00
# Visual Studio Version 17
VisualStudioVersion = 17.7.34031.279
MinimumVisualStudioVersion = 10.0.40219.1
Project("{FAE04EC0-301F-11D3-BF4B-00C04F79EFBC}") = "CaratCount", "CaratCount\CaratCount.csproj", "{0AA551F2-1674-43A1-BE93-F2E361F6FD46}"
EndProject
Global
	GlobalSection(SolutionConfigurationPlatforms) = preSolution
		Debug|Any CPU = Debug|Any CPU
		Release|Any CPU = Release|Any CPU
	EndGlobalSection
	GlobalSection(ProjectConfigurationPlatforms) = postSolution
		{0AA551F2-1674-43A1-BE93-F2E361F6FD46}.Debug|Any CPU.ActiveCfg = Debug|Any CPU
		{0AA551F2-1674-43A1-BE93-F2E361F6FD46}.Debug|Any CPU.Build.0 = Debug|Any CPU
		{0AA551F2-1674-43A1-BE93-F2E361F6FD46}.Release|Any CPU.ActiveCfg = Release|Any CPU
		{0AA551F2-1674-43A1-BE93-F2E361F6FD46}.Release|Any CPU.Build.0 = Release|Any CPU
	EndGlobalSection
	GlobalSection(SolutionProperties) = preSolution
		HideSolutionNode = FALSE
	EndGlobalSection
	GlobalSection(ExtensibilityGlobals) = postSolution
		SolutionGuid = {D9EC3CDE-7738-4790-861C-A9827F63B65B}
	EndGlobalSection
EndGlobal
